
Microsoft Visual Studio Solution File, Format Version 11.00
# Visual Studio 2010
Project("{FAE04EC0-301F-11D3-BF4B-00C04F79EFBC}") = "LuaSTGSharp", "Assembly-CSharp-firstpass.csproj", "{8664C5B6-25E3-FD7F-D7A9-01C2F74A1223}"
EndProject
Project("{FAE04EC0-301F-11D3-BF4B-00C04F79EFBC}") = "LuaSTGSharp", "Assembly-CSharp.csproj", "{75AD8EBE-1B29-C2A3-530D-309751D2EBD8}"
EndProject
Project("{FAE04EC0-301F-11D3-BF4B-00C04F79EFBC}") = "LuaSTGSharp", "Assembly-CSharp-Editor.csproj", "{018D7BB5-C09C-938E-7511-A40C5320C61C}"
EndProject
Global
	GlobalSection(SolutionConfigurationPlatforms) = preSolution
		Debug|Any CPU = Debug|Any CPU
		Release|Any CPU = Release|Any CPU
	EndGlobalSection
	GlobalSection(ProjectConfigurationPlatforms) = postSolution
		{8664C5B6-25E3-FD7F-D7A9-01C2F74A1223}.Debug|Any CPU.ActiveCfg = Debug|Any CPU
		{8664C5B6-25E3-FD7F-D7A9-01C2F74A1223}.Debug|Any CPU.Build.0 = Debug|Any CPU
		{8664C5B6-25E3-FD7F-D7A9-01C2F74A1223}.Release|Any CPU.ActiveCfg = Release|Any CPU
		{8664C5B6-25E3-FD7F-D7A9-01C2F74A1223}.Release|Any CPU.Build.0 = Release|Any CPU
		{75AD8EBE-1B29-C2A3-530D-309751D2EBD8}.Debug|Any CPU.ActiveCfg = Debug|Any CPU
		{75AD8EBE-1B29-C2A3-530D-309751D2EBD8}.Debug|Any CPU.Build.0 = Debug|Any CPU
		{75AD8EBE-1B29-C2A3-530D-309751D2EBD8}.Release|Any CPU.ActiveCfg = Release|Any CPU
		{75AD8EBE-1B29-C2A3-530D-309751D2EBD8}.Release|Any CPU.Build.0 = Release|Any CPU
		{018D7BB5-C09C-938E-7511-A40C5320C61C}.Debug|Any CPU.ActiveCfg = Debug|Any CPU
		{018D7BB5-C09C-938E-7511-A40C5320C61C}.Debug|Any CPU.Build.0 = Debug|Any CPU
		{018D7BB5-C09C-938E-7511-A40C5320C61C}.Release|Any CPU.ActiveCfg = Release|Any CPU
		{018D7BB5-C09C-938E-7511-A40C5320C61C}.Release|Any CPU.Build.0 = Release|Any CPU
	EndGlobalSection
	GlobalSection(SolutionProperties) = preSolution
		HideSolutionNode = FALSE
	EndGlobalSection
	GlobalSection(MonoDevelopProperties) = preSolution
		StartupItem = Assembly-CSharp.csproj
	EndGlobalSection
EndGlobal
